{
  "name": "guia-prático-typescript",
  "lockfileVersion": 2,
  "requires": true,
  "packages": {
    "": {
      "dependencies": {
        "n": "^8.2.0",
        "typescript": "^4.6.3"
      }
    },
    "node_modules/n": {
      "version": "8.2.0",
      "resolved": "https://registry.npmjs.org/n/-/n-8.2.0.tgz",
      "integrity": "sha512-qv+jwJoXaV94C+uASaLS/Qe/iprgvQKe+5hqg6YvUH8mqe5ysgjby875pUVLLWieGFywipEO/J/bgekYbC18Jw==",
      "os": [
        "!win32"
      ],
      "bin": {
        "n": "bin/n"
      },
      "engines": {
        "node": "*"
      }
    },
    "node_modules/typescript": {
      "version": "4.7.4",
      "resolved": "https://registry.npmjs.org/typescript/-/typescript-4.7.4.tgz",
      "integrity": "sha512-C0WQT0gezHuw6AdY1M2jxUO83Rjf0HP7Sk1DtXj6j1EwkQNZrHAg2XPWlq62oqEhYvONq5pkC2Y9oPljWToLmQ==",
      "bin": {
        "tsc": "bin/tsc",
        "tsserver": "bin/tsserver"
      },
      "engines": {
        "node": ">=4.2.0"
      }
    }
  },
  "dependencies": {
    "n": {
      "version": "8.2.0",
      "resolved": "https://registry.npmjs.org/n/-/n-8.2.0.tgz",
      "integrity": "sha512-qv+jwJoXaV94C+uASaLS/Qe/iprgvQKe+5hqg6YvUH8mqe5ysgjby875pUVLLWieGFywipEO/J/bgekYbC18Jw=="
    },
    "typescript": {
      "version": "4.7.4",
      "resolved": "https://registry.npmjs.org/typescript/-/typescript-4.7.4.tgz",
      "integrity": "sha512-C0WQT0gezHuw6AdY1M2jxUO83Rjf0HP7Sk1DtXj6j1EwkQNZrHAg2XPWlq62oqEhYvONq5pkC2Y9oPljWToLmQ=="
    }
  }
}
